
Microsoft Visual Studio Solution File, Format Version 12.00
# Visual Studio Version 16
VisualStudioVersion = 16.0.29509.3
MinimumVisualStudioVersion = 10.0.40219.1
Project("{FAE04EC0-301F-11D3-BF4B-00C04F79EFBC}") = "HelloWebApi", "HelloWebApi\HelloWebApi.csproj", "{6913A91E-F18C-4A57-A13E-537C49419981}"
EndProject
Global
	GlobalSection(SolutionConfigurationPlatforms) = preSolution
		Debug|Any CPU = Debug|Any CPU
		Release|Any CPU = Release|Any CPU
	EndGlobalSection
	GlobalSection(ProjectConfigurationPlatforms) = postSolution
		{6913A91E-F18C-4A57-A13E-537C49419981}.Debug|Any CPU.ActiveCfg = Debug|Any CPU
		{6913A91E-F18C-4A57-A13E-537C49419981}.Debug|Any CPU.Build.0 = Debug|Any CPU
		{6913A91E-F18C-4A57-A13E-537C49419981}.Release|Any CPU.ActiveCfg = Release|Any CPU
		{6913A91E-F18C-4A57-A13E-537C49419981}.Release|Any CPU.Build.0 = Release|Any CPU
	EndGlobalSection
	GlobalSection(SolutionProperties) = preSolution
		HideSolutionNode = FALSE
	EndGlobalSection
	GlobalSection(ExtensibilityGlobals) = postSolution
		SolutionGuid = {1032DFC1-F37C-4457-B7A0-E6A002765640}
	EndGlobalSection
EndGlobal
